Microsoft Visual Studio Solution File, Format Version 8.00
Project("{FAE04EC0-301F-11D3-BF4B-00C04F79EFBC}") = "FxCop4NUnit", "FxCop4NUnit\FxCop4NUnit.csproj", "{DC87CCCF-926A-47C8-9210-AD852E80FC40}"
	ProjectSection(ProjectDependencies) = postProject
	EndProjectSection
EndProject
Project("{FAE04EC0-301F-11D3-BF4B-00C04F79EFBC}") = "FxCop4NUnit.Samples", "FxCop4NUnit.Samples\FxCop4NUnit.Samples.csproj", "{74B2023E-7456-4F9D-94A4-05CD41A64082}"
	ProjectSection(ProjectDependencies) = postProject
	EndProjectSection
EndProject
Global
	GlobalSection(SolutionConfiguration) = preSolution
		Debug = Debug
		Release = Release
	EndGlobalSection
	GlobalSection(ProjectConfiguration) = postSolution
		{DC87CCCF-926A-47C8-9210-AD852E80FC40}.Debug.ActiveCfg = Debug|.NET
		{DC87CCCF-926A-47C8-9210-AD852E80FC40}.Debug.Build.0 = Debug|.NET
		{DC87CCCF-926A-47C8-9210-AD852E80FC40}.Release.ActiveCfg = Release|.NET
		{DC87CCCF-926A-47C8-9210-AD852E80FC40}.Release.Build.0 = Release|.NET
		{74B2023E-7456-4F9D-94A4-05CD41A64082}.Debug.ActiveCfg = Debug|.NET
		{74B2023E-7456-4F9D-94A4-05CD41A64082}.Debug.Build.0 = Debug|.NET
		{74B2023E-7456-4F9D-94A4-05CD41A64082}.Release.ActiveCfg = Release|.NET
		{74B2023E-7456-4F9D-94A4-05CD41A64082}.Release.Build.0 = Release|.NET
	EndGlobalSection
	GlobalSection(ExtensibilityGlobals) = postSolution
	EndGlobalSection
	GlobalSection(ExtensibilityAddIns) = postSolution
	EndGlobalSection
EndGlobal
